
Microsoft Visual Studio Solution File, Format Version 12.00
# Visual Studio 2012
Project("{FAE04EC0-301F-11D3-BF4B-00C04F79EFBC}") = "HyperNotes.Api", "src\HyperNotes.Api\HyperNotes.Api.csproj", "{5CEC3135-2F41-436D-9E40-0EA278C8271E}"
EndProject
Project("{FAE04EC0-301F-11D3-BF4B-00C04F79EFBC}") = "HyperNotes.CollectionJson", "src\HyperNotes.CollectionJson\HyperNotes.CollectionJson.csproj", "{653933A3-1E2A-41BE-9C48-2F6B904CF408}"
EndProject
Project("{FAE04EC0-301F-11D3-BF4B-00C04F79EFBC}") = "HyperNotes.Api.Test", "test\HyperNotes.Api.Test\HyperNotes.Api.Test.csproj", "{C009880E-66A1-4F3F-8B1E-EA6F8C5038ED}"
EndProject
Project("{2150E333-8FDC-42A3-9474-1A3956D46DE8}") = "Test", "Test", "{9BBA8EE4-0E48-46E7-843F-69E70440415E}"
EndProject
Project("{FAE04EC0-301F-11D3-BF4B-00C04F79EFBC}") = "HyperNotes.CollectionJson.Test", "test\HyperNotes.CollectionJson.Test\HyperNotes.CollectionJson.Test.csproj", "{03E25FF5-80CE-4602-B039-624716E457A4}"
EndProject
Global
	GlobalSection(SolutionConfigurationPlatforms) = preSolution
		Debug|Any CPU = Debug|Any CPU
		Release|Any CPU = Release|Any CPU
	EndGlobalSection
	GlobalSection(ProjectConfigurationPlatforms) = postSolution
		{5CEC3135-2F41-436D-9E40-0EA278C8271E}.Debug|Any CPU.ActiveCfg = Debug|Any CPU
		{5CEC3135-2F41-436D-9E40-0EA278C8271E}.Debug|Any CPU.Build.0 = Debug|Any CPU
		{5CEC3135-2F41-436D-9E40-0EA278C8271E}.Release|Any CPU.ActiveCfg = Release|Any CPU
		{5CEC3135-2F41-436D-9E40-0EA278C8271E}.Release|Any CPU.Build.0 = Release|Any CPU
		{653933A3-1E2A-41BE-9C48-2F6B904CF408}.Debug|Any CPU.ActiveCfg = Debug|Any CPU
		{653933A3-1E2A-41BE-9C48-2F6B904CF408}.Debug|Any CPU.Build.0 = Debug|Any CPU
		{653933A3-1E2A-41BE-9C48-2F6B904CF408}.Release|Any CPU.ActiveCfg = Release|Any CPU
		{653933A3-1E2A-41BE-9C48-2F6B904CF408}.Release|Any CPU.Build.0 = Release|Any CPU
		{C009880E-66A1-4F3F-8B1E-EA6F8C5038ED}.Debug|Any CPU.ActiveCfg = Debug|Any CPU
		{C009880E-66A1-4F3F-8B1E-EA6F8C5038ED}.Debug|Any CPU.Build.0 = Debug|Any CPU
		{C009880E-66A1-4F3F-8B1E-EA6F8C5038ED}.Release|Any CPU.ActiveCfg = Release|Any CPU
		{C009880E-66A1-4F3F-8B1E-EA6F8C5038ED}.Release|Any CPU.Build.0 = Release|Any CPU
		{03E25FF5-80CE-4602-B039-624716E457A4}.Debug|Any CPU.ActiveCfg = Debug|Any CPU
		{03E25FF5-80CE-4602-B039-624716E457A4}.Debug|Any CPU.Build.0 = Debug|Any CPU
		{03E25FF5-80CE-4602-B039-624716E457A4}.Release|Any CPU.ActiveCfg = Release|Any CPU
		{03E25FF5-80CE-4602-B039-624716E457A4}.Release|Any CPU.Build.0 = Release|Any CPU
	EndGlobalSection
	GlobalSection(SolutionProperties) = preSolution
		HideSolutionNode = FALSE
	EndGlobalSection
	GlobalSection(NestedProjects) = preSolution
		{C009880E-66A1-4F3F-8B1E-EA6F8C5038ED} = {9BBA8EE4-0E48-46E7-843F-69E70440415E}
		{03E25FF5-80CE-4602-B039-624716E457A4} = {9BBA8EE4-0E48-46E7-843F-69E70440415E}
	EndGlobalSection
EndGlobal
